{
  "version": "3",
  "packages": {
    "specifiers": {
      "jsr:@luca/esbuild-deno-loader@^0.10.3": "jsr:@luca/esbuild-deno-loader@0.10.3",
      "jsr:@std/assert@^0.213.1": "jsr:@std/assert@0.213.1",
      "jsr:@std/assert@^0.224.0": "jsr:@std/assert@0.224.0",
      "jsr:@std/assert@^0.225.3": "jsr:@std/assert@0.225.3",
      "jsr:@std/bytes@^0.224.0": "jsr:@std/bytes@0.224.0",
      "jsr:@std/bytes@^1.0.0-rc.3": "jsr:@std/bytes@1.0.0-rc.3",
      "jsr:@std/encoding@0.213": "jsr:@std/encoding@0.213.1",
      "jsr:@std/io@^0.224.0": "jsr:@std/io@0.224.0",
      "jsr:@std/json@^0.213.1": "jsr:@std/json@0.213.1",
      "jsr:@std/jsonc@0.213": "jsr:@std/jsonc@0.213.1",
      "jsr:@std/path@0.213": "jsr:@std/path@0.213.1",
      "jsr:@std/streams@^0.224.1": "jsr:@std/streams@0.224.1",
      "npm:esbuild@^0.21.3": "npm:esbuild@0.21.4"
    },
    "jsr": {
      "@luca/esbuild-deno-loader@0.10.3": {
        "integrity": "32fc93f7e7f78060234fd5929a740668aab1c742b808c6048b57f9aaea514921",
        "dependencies": [
          "jsr:@std/encoding@0.213",
          "jsr:@std/jsonc@0.213",
          "jsr:@std/path@0.213"
        ]
      },
      "@std/assert@0.213.1": {
        "integrity": "24c28178b30c8e0782c18e8e94ea72b16282207569cdd10ffb9d1d26f2edebfe"
      },
      "@std/assert@0.224.0": {
        "integrity": "8643233ec7aec38a940a8264a6e3eed9bfa44e7a71cc6b3c8874213ff401967f"
      },
      "@std/assert@0.225.3": {
        "integrity": "b3c2847aecf6955b50644cdb9cf072004ea3d1998dd7579fc0acb99dbb23bd4f"
      },
      "@std/bytes@0.224.0": {
        "integrity": "a2250e1d0eb7d1c5a426f21267ab9bdeac2447fa87a3d0d1a467d3f7a6058e49"
      },
      "@std/bytes@1.0.0-rc.3": {
        "integrity": "b3e93f73f1ccf167124f695596d2d026b0030930c38bd0ddec81d7f75ab41948"
      },
      "@std/encoding@0.213.1": {
        "integrity": "fcbb6928713dde941a18ca5db88ca1544d0755ec8fb20fe61e2dc8144b390c62"
      },
      "@std/io@0.224.0": {
        "integrity": "0aff885d21d829c050b8a08b1d71b54aed5841aecf227f8d77e99ec529a11e8e",
        "dependencies": [
          "jsr:@std/assert@^0.224.0",
          "jsr:@std/bytes@^0.224.0"
        ]
      },
      "@std/json@0.213.1": {
        "integrity": "f572b1de605d07c4a5602445dac54bfc51b1fb87a3710a17aed2608bfca54e68"
      },
      "@std/jsonc@0.213.1": {
        "integrity": "5578f21aa583b7eb7317eed077ffcde47b294f1056bdbb9aacec407758637bfe",
        "dependencies": [
          "jsr:@std/assert@^0.213.1",
          "jsr:@std/json@^0.213.1"
        ]
      },
      "@std/path@0.213.1": {
        "integrity": "f187bf278a172752e02fcbacf6bd78a335ed320d080a7ed3a5a59c3e88abc673",
        "dependencies": [
          "jsr:@std/assert@^0.213.1"
        ]
      },
      "@std/streams@0.224.1": {
        "integrity": "e8565a376ae3888f60770cd09e480952ec7c349007aed81b8f7165424ce2195f",
        "dependencies": [
          "jsr:@std/assert@^0.225.3",
          "jsr:@std/bytes@^1.0.0-rc.3",
          "jsr:@std/io@^0.224.0"
        ]
      }
    },
    "npm": {
      "@esbuild/aix-ppc64@0.21.4": {
        "integrity": "sha512-Zrm+B33R4LWPLjDEVnEqt2+SLTATlru1q/xYKVn8oVTbiRBGmK2VIMoIYGJDGyftnGaC788IuzGFAlb7IQ0Y8A==",
        "dependencies": {}
      },
      "@esbuild/android-arm64@0.21.4": {
        "integrity": "sha512-fYFnz+ObClJ3dNiITySBUx+oNalYUT18/AryMxfovLkYWbutXsct3Wz2ZWAcGGppp+RVVX5FiXeLYGi97umisA==",
        "dependencies": {}
      },
      "@esbuild/android-arm@0.21.4": {
        "integrity": "sha512-E7H/yTd8kGQfY4z9t3nRPk/hrhaCajfA3YSQSBrst8B+3uTcgsi8N+ZWYCaeIDsiVs6m65JPCaQN/DxBRclF3A==",
        "dependencies": {}
      },
      "@esbuild/android-x64@0.21.4": {
        "integrity": "sha512-mDqmlge3hFbEPbCWxp4fM6hqq7aZfLEHZAKGP9viq9wMUBVQx202aDIfc3l+d2cKhUJM741VrCXEzRFhPDKH3Q==",
        "dependencies": {}
      },
      "@esbuild/darwin-arm64@0.21.4": {
        "integrity": "sha512-72eaIrDZDSiWqpmCzVaBD58c8ea8cw/U0fq/PPOTqE3c53D0xVMRt2ooIABZ6/wj99Y+h4ksT/+I+srCDLU9TA==",
        "dependencies": {}
      },
      "@esbuild/darwin-x64@0.21.4": {
        "integrity": "sha512-uBsuwRMehGmw1JC7Vecu/upOjTsMhgahmDkWhGLWxIgUn2x/Y4tIwUZngsmVb6XyPSTXJYS4YiASKPcm9Zitag==",
        "dependencies": {}
      },
      "@esbuild/freebsd-arm64@0.21.4": {
        "integrity": "sha512-8JfuSC6YMSAEIZIWNL3GtdUT5NhUA/CMUCpZdDRolUXNAXEE/Vbpe6qlGLpfThtY5NwXq8Hi4nJy4YfPh+TwAg==",
        "dependencies": {}
      },
      "@esbuild/freebsd-x64@0.21.4": {
        "integrity": "sha512-8d9y9eQhxv4ef7JmXny7591P/PYsDFc4+STaxC1GBv0tMyCdyWfXu2jBuqRsyhY8uL2HU8uPyscgE2KxCY9imQ==",
        "dependencies": {}
      },
      "@esbuild/linux-arm64@0.21.4": {
        "integrity": "sha512-/GLD2orjNU50v9PcxNpYZi+y8dJ7e7/LhQukN3S4jNDXCKkyyiyAz9zDw3siZ7Eh1tRcnCHAo/WcqKMzmi4eMQ==",
        "dependencies": {}
      },
      "@esbuild/linux-arm@0.21.4": {
        "integrity": "sha512-2rqFFefpYmpMs+FWjkzSgXg5vViocqpq5a1PSRgT0AvSgxoXmGF17qfGAzKedg6wAwyM7UltrKVo9kxaJLMF/g==",
        "dependencies": {}
      },
      "@esbuild/linux-ia32@0.21.4": {
        "integrity": "sha512-pNftBl7m/tFG3t2m/tSjuYeWIffzwAZT9m08+9DPLizxVOsUl8DdFzn9HvJrTQwe3wvJnwTdl92AonY36w/25g==",
        "dependencies": {}
      },
      "@esbuild/linux-loong64@0.21.4": {
        "integrity": "sha512-cSD2gzCK5LuVX+hszzXQzlWya6c7hilO71L9h4KHwqI4qeqZ57bAtkgcC2YioXjsbfAv4lPn3qe3b00Zt+jIfQ==",
        "dependencies": {}
      },
      "@esbuild/linux-mips64el@0.21.4": {
        "integrity": "sha512-qtzAd3BJh7UdbiXCrg6npWLYU0YpufsV9XlufKhMhYMJGJCdfX/G6+PNd0+v877X1JG5VmjBLUiFB0o8EUSicA==",
        "dependencies": {}
      },
      "@esbuild/linux-ppc64@0.21.4": {
        "integrity": "sha512-yB8AYzOTaL0D5+2a4xEy7OVvbcypvDR05MsB/VVPVA7nL4hc5w5Dyd/ddnayStDgJE59fAgNEOdLhBxjfx5+dg==",
        "dependencies": {}
      },
      "@esbuild/linux-riscv64@0.21.4": {
        "integrity": "sha512-Y5AgOuVzPjQdgU59ramLoqSSiXddu7F3F+LI5hYy/d1UHN7K5oLzYBDZe23QmQJ9PIVUXwOdKJ/jZahPdxzm9w==",
        "dependencies": {}
      },
      "@esbuild/linux-s390x@0.21.4": {
        "integrity": "sha512-Iqc/l/FFwtt8FoTK9riYv9zQNms7B8u+vAI/rxKuN10HgQIXaPzKZc479lZ0x6+vKVQbu55GdpYpeNWzjOhgbA==",
        "dependencies": {}
      },
      "@esbuild/linux-x64@0.21.4": {
        "integrity": "sha512-Td9jv782UMAFsuLZINfUpoF5mZIbAj+jv1YVtE58rFtfvoKRiKSkRGQfHTgKamLVT/fO7203bHa3wU122V/Bdg==",
        "dependencies": {}
      },
      "@esbuild/netbsd-x64@0.21.4": {
        "integrity": "sha512-Awn38oSXxsPMQxaV0Ipb7W/gxZtk5Tx3+W+rAPdZkyEhQ6968r9NvtkjhnhbEgWXYbgV+JEONJ6PcdBS+nlcpA==",
        "dependencies": {}
      },
      "@esbuild/openbsd-x64@0.21.4": {
        "integrity": "sha512-IsUmQeCY0aU374R82fxIPu6vkOybWIMc3hVGZ3ChRwL9hA1TwY+tS0lgFWV5+F1+1ssuvvXt3HFqe8roCip8Hg==",
        "dependencies": {}
      },
      "@esbuild/sunos-x64@0.21.4": {
        "integrity": "sha512-hsKhgZ4teLUaDA6FG/QIu2q0rI6I36tZVfM4DBZv3BG0mkMIdEnMbhc4xwLvLJSS22uWmaVkFkqWgIS0gPIm+A==",
        "dependencies": {}
      },
      "@esbuild/win32-arm64@0.21.4": {
        "integrity": "sha512-UUfMgMoXPoA/bvGUNfUBFLCh0gt9dxZYIx9W4rfJr7+hKe5jxxHmfOK8YSH4qsHLLN4Ck8JZ+v7Q5fIm1huErg==",
        "dependencies": {}
      },
      "@esbuild/win32-ia32@0.21.4": {
        "integrity": "sha512-yIxbspZb5kGCAHWm8dexALQ9en1IYDfErzjSEq1KzXFniHv019VT3mNtTK7t8qdy4TwT6QYHI9sEZabONHg+aw==",
        "dependencies": {}
      },
      "@esbuild/win32-x64@0.21.4": {
        "integrity": "sha512-sywLRD3UK/qRJt0oBwdpYLBibk7KiRfbswmWRDabuncQYSlf8aLEEUor/oP6KRz8KEG+HoiVLBhPRD5JWjS8Sg==",
        "dependencies": {}
      },
      "esbuild@0.21.4": {
        "integrity": "sha512-sFMcNNrj+Q0ZDolrp5pDhH0nRPN9hLIM3fRPwgbLYJeSHHgnXSnbV3xYgSVuOeLWH9c73VwmEverVzupIv5xuA==",
        "dependencies": {
          "@esbuild/aix-ppc64": "@esbuild/aix-ppc64@0.21.4",
          "@esbuild/android-arm": "@esbuild/android-arm@0.21.4",
          "@esbuild/android-arm64": "@esbuild/android-arm64@0.21.4",
          "@esbuild/android-x64": "@esbuild/android-x64@0.21.4",
          "@esbuild/darwin-arm64": "@esbuild/darwin-arm64@0.21.4",
          "@esbuild/darwin-x64": "@esbuild/darwin-x64@0.21.4",
          "@esbuild/freebsd-arm64": "@esbuild/freebsd-arm64@0.21.4",
          "@esbuild/freebsd-x64": "@esbuild/freebsd-x64@0.21.4",
          "@esbuild/linux-arm": "@esbuild/linux-arm@0.21.4",
          "@esbuild/linux-arm64": "@esbuild/linux-arm64@0.21.4",
          "@esbuild/linux-ia32": "@esbuild/linux-ia32@0.21.4",
          "@esbuild/linux-loong64": "@esbuild/linux-loong64@0.21.4",
          "@esbuild/linux-mips64el": "@esbuild/linux-mips64el@0.21.4",
          "@esbuild/linux-ppc64": "@esbuild/linux-ppc64@0.21.4",
          "@esbuild/linux-riscv64": "@esbuild/linux-riscv64@0.21.4",
          "@esbuild/linux-s390x": "@esbuild/linux-s390x@0.21.4",
          "@esbuild/linux-x64": "@esbuild/linux-x64@0.21.4",
          "@esbuild/netbsd-x64": "@esbuild/netbsd-x64@0.21.4",
          "@esbuild/openbsd-x64": "@esbuild/openbsd-x64@0.21.4",
          "@esbuild/sunos-x64": "@esbuild/sunos-x64@0.21.4",
          "@esbuild/win32-arm64": "@esbuild/win32-arm64@0.21.4",
          "@esbuild/win32-ia32": "@esbuild/win32-ia32@0.21.4",
          "@esbuild/win32-x64": "@esbuild/win32-x64@0.21.4"
        }
      }
    }
  },
  "remote": {
    "https://deno.land/x/basic_jsx@v3.1.2/mod.tsx": "97261638ea3778fbbc85fce462b304183f065359ad135dbb535385b5d4a858a2"
  },
  "workspace": {
    "dependencies": [
      "jsr:@doctor/create-tag@^0.1.3",
      "jsr:@luca/esbuild-deno-loader@^0.10.3",
      "jsr:@std/streams@^0.224.1",
      "npm:esbuild@^0.21.3"
    ]
  }
}
